{
  "name": "zwl-gulp-page-demo",
  "version": "1.0.0",
  "lockfileVersion": 1,
  "requires": true,
  "dependencies": {
    "zwl-gulp-pages": {
      "version": "0.1.0",
      "resolved": "https://registry.npm.taobao.org/zwl-gulp-pages/download/zwl-gulp-pages-0.1.0.tgz",
      "integrity": "sha1-SS2peKQLaAXeB68Bv/DR/yHUJN8=",
      "dev": true
    }
  }
}
