# THIS IS AN AUTOGENERATED FILE. DO NOT EDIT THIS FILE DIRECTLY.
# yarn lockfile v1


zwl-gulp-pages@^0.1.0:
  version "0.1.0"
  resolved "https://registry.npm.taobao.org/zwl-gulp-pages/download/zwl-gulp-pages-0.1.0.tgz#492da978a40b6805de07af01bff0d1ff21d424df"
  integrity sha1-SS2peKQLaAXeB68Bv/DR/yHUJN8=
